<?xml version="1.0" encoding="utf-8"?>
<Project ToolsVersion="4.0" xmlns="http://schemas.microsoft.com/developer/msbuild/2003">
  <ItemGroup>
    <Filter Include="源文件">
      <UniqueIdentifier>{4FC737F1-C7A5-4376-A066-2A32D752A2FF}</UniqueIdentifier>
      <Extensions>cpp;c;cc;cxx;def;odl;idl;hpj;bat;asm;asmx</Extensions>
    </Filter>
    <Filter Include="头文件">
      <UniqueIdentifier>{93995380-89BD-4b04-88EB-625FBE52EBFB}</UniqueIdentifier>
      <Extensions>h;hpp;hxx;hm;inl;inc;xsd</Extensions>
    </Filter>
    <Filter Include="资源文件">
      <UniqueIdentifier>{67DA6AB6-F800-4c08-8B7A-83BB121AAD01}</UniqueIdentifier>
      <Extensions>rc;ico;cur;bmp;dlg;rc2;rct;bin;rgs;gif;jpg;jpeg;jpe;resx;tiff;tif;png;wav;mfcribbon-ms</Extensions>
    </Filter>
    <Filter Include="mySql">
      <UniqueIdentifier>{45ac3b52-a025-441b-8a65-ce531170743d}</UniqueIdentifier>
    </Filter>
    <Filter Include="net">
      <UniqueIdentifier>{85a26d7e-c3fc-4619-ba93-b11670a16516}</UniqueIdentifier>
    </Filter>
    <Filter Include="mediator">
      <UniqueIdentifier>{31abd280-fb26-4876-a3a2-72c8fca89d0d}</UniqueIdentifier>
    </Filter>
  </ItemGroup>
  <ItemGroup>
    <ClCompile Include="main.cpp">
      <Filter>源文件</Filter>
    </ClCompile>
    <ClCompile Include="MySQL\CMySql.cpp">
      <Filter>mySql</Filter>
    </ClCompile>
    <ClCompile Include="net\TcpClientNet.cpp">
      <Filter>net</Filter>
    </ClCompile>
    <ClCompile Include="net\UdpNet.cpp">
      <Filter>net</Filter>
    </ClCompile>
    <ClCompile Include="mediator\NetMediator.cpp">
      <Filter>mediator</Filter>
    </ClCompile>
    <ClCompile Include="mediator\UdpMediator.cpp">
      <Filter>mediator</Filter>
    </ClCompile>
    <ClCompile Include="mediator\TcpServerMediator.cpp">
      <Filter>mediator</Filter>
    </ClCompile>
    <ClCompile Include="mediator\TcpClientMediator.cpp">
      <Filter>mediator</Filter>
    </ClCompile>
    <ClCompile Include="net\TcpServerNet.cpp">
      <Filter>net</Filter>
    </ClCompile>
    <ClCompile Include="Kernel.cpp">
      <Filter>源文件</Filter>
    </ClCompile>
  </ItemGroup>
  <ItemGroup>
    <ClInclude Include="MySQL\CMySql.h">
      <Filter>mySql</Filter>
    </ClInclude>
    <ClInclude Include="net\INet.h">
      <Filter>net</Filter>
    </ClInclude>
    <ClInclude Include="net\Package.h">
      <Filter>net</Filter>
    </ClInclude>
    <ClInclude Include="net\TcpClientNet.h">
      <Filter>net</Filter>
    </ClInclude>
    <ClInclude Include="net\TcpServerNet.h">
      <Filter>net</Filter>
    </ClInclude>
    <ClInclude Include="net\UdpNet.h">
      <Filter>net</Filter>
    </ClInclude>
    <ClInclude Include="mediator\INetMediator.h">
      <Filter>mediator</Filter>
    </ClInclude>
    <ClInclude Include="mediator\TcpClientMediator.h">
      <Filter>mediator</Filter>
    </ClInclude>
    <ClInclude Include="mediator\UdpMediator.h">
      <Filter>mediator</Filter>
    </ClInclude>
    <ClInclude Include="mediator\TcpServerMediator.h">
      <Filter>mediator</Filter>
    </ClInclude>
    <ClInclude Include="Kernel.h">
      <Filter>头文件</Filter>
    </ClInclude>
  </ItemGroup>
</Project>